
Microsoft Visual Studio Solution File, Format Version 9.00
# Visual Studio 2005
Project("{D183A3D8-5FD8-494B-B014-37F57B35E655}") = "MENDOCINA SSIS", "MENDOCINA SSIS\MENDOCINA SSIS.dtproj", "{D7AB6348-66A4-422D-8156-80DC3C8BB102}"
EndProject
Project("{2150E333-8FDC-42A3-9474-1A3956D46DE8}") = "SQLFunctions", "SQLFunctions", "{4FBB7E59-BDC5-49CD-95D3-EC1FB3F13599}"
EndProject
Project("{FAE04EC0-301F-11D3-BF4B-00C04F79EFBC}") = "MendoSqlFunctions", "SQL Functions\BGASqlFunctions\MendoSqlFunctions.csproj", "{731DA8E1-DC89-4ED0-BEED-DC6515FB7E94}"
EndProject
Project("{FAE04EC0-301F-11D3-BF4B-00C04F79EFBC}") = "MendoSqlFunctionsTests", "SQL Functions\BGAWSqlTests\MendoSqlFunctionsTests.csproj", "{CCB79A13-3201-4BAE-BFEE-026009895670}"
EndProject
Project("{D2ABAB84-BF74-430A-B69E-9DC6D40DDA17}") = "MENDOCINA SSAS", "MENDOCINA SSAS\MENDOCINA SSAS.dwproj", "{A5B6876E-7D50-4230-92C4-912081546CAD}"
EndProject
Global
	GlobalSection(SolutionConfigurationPlatforms) = preSolution
		Debug|Any CPU = Debug|Any CPU
		Development|Any CPU = Development|Any CPU
		Release|Any CPU = Release|Any CPU
	EndGlobalSection
	GlobalSection(ProjectConfigurationPlatforms) = postSolution
		{D7AB6348-66A4-422D-8156-80DC3C8BB102}.Debug|Any CPU.ActiveCfg = Development
		{D7AB6348-66A4-422D-8156-80DC3C8BB102}.Debug|Any CPU.Build.0 = Development
		{D7AB6348-66A4-422D-8156-80DC3C8BB102}.Development|Any CPU.ActiveCfg = Development
		{D7AB6348-66A4-422D-8156-80DC3C8BB102}.Development|Any CPU.Build.0 = Development
		{D7AB6348-66A4-422D-8156-80DC3C8BB102}.Release|Any CPU.ActiveCfg = Development
		{D7AB6348-66A4-422D-8156-80DC3C8BB102}.Release|Any CPU.Build.0 = Development
		{731DA8E1-DC89-4ED0-BEED-DC6515FB7E94}.Debug|Any CPU.ActiveCfg = Debug|Any CPU
		{731DA8E1-DC89-4ED0-BEED-DC6515FB7E94}.Debug|Any CPU.Build.0 = Debug|Any CPU
		{731DA8E1-DC89-4ED0-BEED-DC6515FB7E94}.Development|Any CPU.ActiveCfg = Debug|Any CPU
		{731DA8E1-DC89-4ED0-BEED-DC6515FB7E94}.Development|Any CPU.Build.0 = Debug|Any CPU
		{731DA8E1-DC89-4ED0-BEED-DC6515FB7E94}.Release|Any CPU.ActiveCfg = Release|Any CPU
		{731DA8E1-DC89-4ED0-BEED-DC6515FB7E94}.Release|Any CPU.Build.0 = Release|Any CPU
		{CCB79A13-3201-4BAE-BFEE-026009895670}.Debug|Any CPU.ActiveCfg = Debug|Any CPU
		{CCB79A13-3201-4BAE-BFEE-026009895670}.Debug|Any CPU.Build.0 = Debug|Any CPU
		{CCB79A13-3201-4BAE-BFEE-026009895670}.Development|Any CPU.ActiveCfg = Debug|Any CPU
		{CCB79A13-3201-4BAE-BFEE-026009895670}.Development|Any CPU.Build.0 = Debug|Any CPU
		{CCB79A13-3201-4BAE-BFEE-026009895670}.Release|Any CPU.ActiveCfg = Release|Any CPU
		{CCB79A13-3201-4BAE-BFEE-026009895670}.Release|Any CPU.Build.0 = Release|Any CPU
		{A5B6876E-7D50-4230-92C4-912081546CAD}.Debug|Any CPU.ActiveCfg = Development
		{A5B6876E-7D50-4230-92C4-912081546CAD}.Debug|Any CPU.Build.0 = Development
		{A5B6876E-7D50-4230-92C4-912081546CAD}.Debug|Any CPU.Deploy.0 = Development
		{A5B6876E-7D50-4230-92C4-912081546CAD}.Development|Any CPU.ActiveCfg = Development
		{A5B6876E-7D50-4230-92C4-912081546CAD}.Development|Any CPU.Build.0 = Development
		{A5B6876E-7D50-4230-92C4-912081546CAD}.Development|Any CPU.Deploy.0 = Development
		{A5B6876E-7D50-4230-92C4-912081546CAD}.Release|Any CPU.ActiveCfg = Development
		{A5B6876E-7D50-4230-92C4-912081546CAD}.Release|Any CPU.Build.0 = Development
		{A5B6876E-7D50-4230-92C4-912081546CAD}.Release|Any CPU.Deploy.0 = Development
	EndGlobalSection
	GlobalSection(SolutionProperties) = preSolution
		HideSolutionNode = FALSE
	EndGlobalSection
	GlobalSection(NestedProjects) = preSolution
		{731DA8E1-DC89-4ED0-BEED-DC6515FB7E94} = {4FBB7E59-BDC5-49CD-95D3-EC1FB3F13599}
		{CCB79A13-3201-4BAE-BFEE-026009895670} = {4FBB7E59-BDC5-49CD-95D3-EC1FB3F13599}
	EndGlobalSection
EndGlobal
